
Microsoft Visual Studio Solution File, Format Version 12.00
# Visual Studio 15
VisualStudioVersion = 15.0.27130.2036
MinimumVisualStudioVersion = 10.0.40219.1
Project("{FAE04EC0-301F-11D3-BF4B-00C04F79EFBC}") = "GigHub.MVC", "GigHub.MVC\GigHub.MVC.csproj", "{880AE616-8B82-48FF-AF54-D242EAD3297D}"
EndProject
Global
	GlobalSection(SolutionConfigurationPlatforms) = preSolution
		Debug|Any CPU = Debug|Any CPU
		Release|Any CPU = Release|Any CPU
	EndGlobalSection
	GlobalSection(ProjectConfigurationPlatforms) = postSolution
		{880AE616-8B82-48FF-AF54-D242EAD3297D}.Debug|Any CPU.ActiveCfg = Debug|Any CPU
		{880AE616-8B82-48FF-AF54-D242EAD3297D}.Debug|Any CPU.Build.0 = Debug|Any CPU
		{880AE616-8B82-48FF-AF54-D242EAD3297D}.Release|Any CPU.ActiveCfg = Release|Any CPU
		{880AE616-8B82-48FF-AF54-D242EAD3297D}.Release|Any CPU.Build.0 = Release|Any CPU
	EndGlobalSection
	GlobalSection(SolutionProperties) = preSolution
		HideSolutionNode = FALSE
	EndGlobalSection
	GlobalSection(ExtensibilityGlobals) = postSolution
		SolutionGuid = {BC12B29A-CFCC-494F-A2BB-E1EBAD2005CE}
	EndGlobalSection
EndGlobal
